<?xml version="1.0" encoding="UTF-8" standalone="yes" ?>
<CodeBlocks_project_file>
	<FileVersion major="1" minor="5" />
	<Project>
		<Option title="Gui for Open86" />
		<Option makefile="makefile.win32" />
		<Option makefile_is_custom="1" />
		<Option pch_mode="2" />
		<Option default_target="" />
		<Option compiler="gcc" />
		<Option virtualFolders="" />
		<Build>
			<Target title="default">
				<Option output=".\86gui.dll" prefix_auto="1" extension_auto="1" />
				<Option object_output=".objs\" />
				<Option type="3" />
				<Option compiler="gcc" />
				<Option parameters='?L_bin:&quot;../../tester&quot; ?L_dev:&quot;86Gui.dll&quot;' />
				<Option host_application="..\..\open86" />
				<Option createStaticLib="1" />
				<Compiler>
					<Add option="-g" />
				</Compiler>
			</Target>
		</Build>
		<Compiler>
			<Add option="-march=i486" />
			<Add option="-Wall" />
		</Compiler>
		<Unit filename="main.c">
			<Option compilerVar="CC" />
			<Option target="default" />
		</Unit>
		<Extensions />
	</Project>
</CodeBlocks_project_file>
