<?xml version="1.0" encoding="UTF-8" standalone="yes" ?>
<CodeBlocks_project_file>
	<FileVersion major="1" minor="6" />
	<Project>
		<Option title="website" />
		<Option pch_mode="2" />
		<Option compiler="gcc" />
		<Build>
			<Target title="default">
				<Option output="\niche.exe" prefix_auto="1" extension_auto="1" />
				<Option object_output="obj\" />
				<Option type="1" />
				<Option compiler="gcc" />
				<Compiler>
					<Add option="-g" />
				</Compiler>
			</Target>
		</Build>
		<Compiler>
			<Add option="-Wall" />
		</Compiler>
		<Unit filename="archive.php" />
		<Unit filename="edb.php" />
		<Unit filename="image\index.html" />
		<Unit filename="index.php" />
		<Unit filename="list.php" />
		<Unit filename="pic.php" />
		<Unit filename="style.css" />
		<Extensions>
			<code_completion />
			<envvars />
		</Extensions>
	</Project>
</CodeBlocks_project_file>
