<?xml version="1.0" encoding="UTF-8" standalone="yes" ?>
<CodeBlocks_project_file>
	<FileVersion major="1" minor="5" />
	<Project>
		<Option title="blah" />
		<Option makefile="makefile" />
		<Option makefile_is_custom="1" />
		<Option pch_mode="2" />
		<Option default_target="" />
		<Option compiler="gcc" />
		<Option virtualFolders="" />
		<Build>
			<Target title="default">
				<Option output=".\blah.exe" prefix_auto="1" extension_auto="1" />
				<Option object_output="obj\Debug\" />
				<Option type="1" />
				<Option compiler="gcc" />
				<Option host_application="test_me.bat" />
				<Compiler>
					<Add option="-g" />
				</Compiler>
			</Target>
		</Build>
		<Compiler>
			<Add option="-Wall" />
		</Compiler>
		<Unit filename="main.asm">
			<Option compilerVar="CPP" />
			<Option compile="0" />
			<Option link="0" />
			<Option target="default" />
		</Unit>
		<Unit filename="makefile">
			<Option compilerVar="CPP" />
			<Option compile="0" />
			<Option link="0" />
			<Option target="default" />
		</Unit>
		<Unit filename="test_file.asm">
			<Option compilerVar="CPP" />
			<Option compile="0" />
			<Option link="0" />
			<Option target="default" />
		</Unit>
		<Unit filename="test_me.bat">
			<Option compilerVar="CPP" />
			<Option compile="0" />
			<Option link="0" />
			<Option target="default" />
		</Unit>
		<Extensions />
	</Project>
</CodeBlocks_project_file>
