<?xml version="1.0" encoding="UTF-8" standalone="yes" ?>
<CodeBlocks_project_file>
	<FileVersion major="1" minor="6" />
	<Project>
		<Option title="Open86" />
		<Option makefile="makefile.win32" />
		<Option makefile_is_custom="1" />
		<Option default_target="default" />
		<Option compiler="gcc" />
		<Build>
			<Target title="default">
				<Option output="Open86.exe" prefix_auto="1" extension_auto="1" />
				<Option type="1" />
				<Option compiler="gcc" />
				<Option parameters="?f:test_config.o86 " />
				<Option projectResourceIncludeDirsRelation="1" />
			</Target>
		</Build>
		<VirtualTargets>
			<Add alias="All" targets="default;" />
		</VirtualTargets>
		<Compiler>
			<Add option="-march=i486" />
			<Add option="-pg" />
			<Add option="-g" />
			<Add directory=".\" />
		</Compiler>
		<Linker>
			<Add option="-pg -lgmon" />
		</Linker>
		<Unit filename="Open86_Device.h" />
		<Unit filename="_base.h" />
		<Unit filename="bios.asm" />
		<Unit filename="config.h" />
		<Unit filename="config_files.c">
			<Option compilerVar="CC" />
		</Unit>
		<Unit filename="cpu_bios.c">
			<Option compilerVar="CC" />
		</Unit>
		<Unit filename="dynamic_loading.c">
			<Option compilerVar="CC" />
		</Unit>
		<Unit filename="helpers.c">
			<Option compilerVar="CC" />
		</Unit>
		<Unit filename="instructions\bcd.c">
			<Option compilerVar="CC" />
		</Unit>
		<Unit filename="instructions\bitwise.c">
			<Option compilerVar="CC" />
		</Unit>
		<Unit filename="instructions\ect.c">
			<Option compilerVar="CC" />
		</Unit>
		<Unit filename="instructions\groups.c">
			<Option compilerVar="CC" />
		</Unit>
		<Unit filename="instructions\inc_dec.c">
			<Option compilerVar="CC" />
		</Unit>
		<Unit filename="instructions\ints.c">
			<Option compilerVar="CC" />
		</Unit>
		<Unit filename="instructions\jmp.c">
			<Option compilerVar="CC" />
		</Unit>
		<Unit filename="instructions\load.c">
			<Option compilerVar="CC" />
		</Unit>
		<Unit filename="instructions\mov.c">
			<Option compilerVar="CC" />
		</Unit>
		<Unit filename="instructions\mul_div.c">
			<Option compilerVar="CC" />
		</Unit>
		<Unit filename="instructions\ports.c">
			<Option compilerVar="CC" />
		</Unit>
		<Unit filename="instructions\push_pop.c">
			<Option compilerVar="CC" />
		</Unit>
		<Unit filename="instructions\sub_add.c">
			<Option compilerVar="CC" />
		</Unit>
		<Unit filename="instructions\undoc.c">
			<Option compilerVar="CC" />
		</Unit>
		<Unit filename="layer.cpp" />
		<Unit filename="main.c">
			<Option compilerVar="CC" />
		</Unit>
		<Unit filename="makefile" />
		<Unit filename="makefile.linux" />
		<Unit filename="makefile.win32" />
		<Unit filename="panic.c">
			<Option compilerVar="CC" />
		</Unit>
		<Unit filename="res.rc">
			<Option compilerVar="WINDRES" />
		</Unit>
		<Unit filename="test_config.o86" />
		<Unit filename="tester.asm" />
		<Extensions>
			<code_completion />
			<envvars />
		</Extensions>
	</Project>
</CodeBlocks_project_file>
